{
  "name": "cero-chile-v2",
  "version": "1.0.0",
  "lockfileVersion": 3,
  "requires": true,
  "packages": {
    "": {
      "name": "cero-chile-v2",
      "version": "1.0.0",
      "dependencies": {
        "@supabase/ssr": "latest",
        "next": "latest",
        "pdf-lib": "latest",
        "react": "latest",
        "react-dom": "latest",
        "resend": "latest"
      },
      "devDependencies": {
        "@tailwindcss/postcss": "latest",
        "@types/node": "latest",
        "@types/react": "latest",
        "@types/react-dom": "latest",
        "autoprefixer": "latest",
        "eslint": "latest",
        "postcss": "latest",
        "tailwindcss": "latest",
        "typescript": "latest"
      }
    }
  }
}
